# Generated by pub
# See https://dart.dev/tools/pub/glossary#lockfile
packages:
  async:
    dependency: transitive
    description:
      name: async
      url: "https://pub.dartlang.org"
    source: hosted
    version: "2.4.0"
  bloc:
    dependency: "direct main"
    description:
      name: bloc
      url: "https://pub.dartlang.org"
    source: hosted
    version: "0.15.0"
  charcode:
    dependency: transitive
    description:
      name: charcode
      url: "https://pub.dartlang.org"
    source: hosted
    version: "1.1.2"
  collection:
    dependency: transitive
    description:
      name: collection
      url: "https://pub.dartlang.org"
    source: hosted
    version: "1.14.11"
  convert:
    dependency: transitive
    description:
      name: convert
      url: "https://pub.dartlang.org"
    source: hosted
    version: "2.1.1"
  csslib:
    dependency: transitive
    description:
      name: csslib
      url: "https://pub.dartlang.org"
    source: hosted
    version: "0.16.1"
  flutter:
    dependency: "direct main"
    description: flutter
    source: sdk
    version: "0.0.0"
  flutter_bloc:
    dependency: "direct main"
    description:
      name: flutter_bloc
      url: "https://pub.dartlang.org"
    source: hosted
    version: "0.21.0"
  html:
    dependency: transitive
    description:
      name: html
      url: "https://pub.dartlang.org"
    source: hosted
    version: "0.14.0+3"
  hydrated_bloc:
    dependency: "direct main"
    description:
      path: ".."
      relative: true
    source: path
    version: "0.5.0"
  intl:
    dependency: transitive
    description:
      name: intl
      url: "https://pub.dartlang.org"
    source: hosted
    version: "0.16.0"
  meta:
    dependency: transitive
    description:
      name: meta
      url: "https://pub.dartlang.org"
    source: hosted
    version: "1.1.7"
  path:
    dependency: transitive
    description:
      name: path
      url: "https://pub.dartlang.org"
    source: hosted
    version: "1.6.4"
  path_provider:
    dependency: transitive
    description:
      name: path_provider
      url: "https://pub.dartlang.org"
    source: hosted
    version: "1.1.0"
  petitparser:
    dependency: transitive
    description:
      name: petitparser
      url: "https://pub.dartlang.org"
    source: hosted
    version: "2.4.0"
  provider:
    dependency: transitive
    description:
      name: provider
      url: "https://pub.dartlang.org"
    source: hosted
    version: "3.0.0+1"
  rxdart:
    dependency: transitive
    description:
      name: rxdart
      url: "https://pub.dartlang.org"
    source: hosted
    version: "0.22.0"
  sky_engine:
    dependency: transitive
    description: flutter
    source: sdk
    version: "0.0.99"
  source_span:
    dependency: transitive
    description:
      name: source_span
      url: "https://pub.dartlang.org"
    source: hosted
    version: "1.5.5"
  term_glyph:
    dependency: transitive
    description:
      name: term_glyph
      url: "https://pub.dartlang.org"
    source: hosted
    version: "1.1.0"
  typed_data:
    dependency: transitive
    description:
      name: typed_data
      url: "https://pub.dartlang.org"
    source: hosted
    version: "1.1.6"
  universal_html:
    dependency: transitive
    description:
      name: universal_html
      url: "https://pub.dartlang.org"
    source: hosted
    version: "1.1.6"
  universal_io:
    dependency: transitive
    description:
      name: universal_io
      url: "https://pub.dartlang.org"
    source: hosted
    version: "0.8.4"
  vector_math:
    dependency: transitive
    description:
      name: vector_math
      url: "https://pub.dartlang.org"
    source: hosted
    version: "2.0.8"
  xml:
    dependency: transitive
    description:
      name: xml
      url: "https://pub.dartlang.org"
    source: hosted
    version: "3.5.0"
  zone_local:
    dependency: transitive
    description:
      name: zone_local
      url: "https://pub.dartlang.org"
    source: hosted
    version: "0.1.1"
sdks:
  dart: ">=2.4.0 <3.0.0"
  flutter: ">=0.1.4 <2.0.0"
